// !$*UTF8*$!
{
	archiveVersion = 1;
	classes = {
	};
	objectVersion = 46;
	objects = {

/* Begin PBXBuildFile section */
		7607AD7C1955A163001BA27A /* AppDelegate.swift in Sources */ = {isa = PBXBuildFile; fileRef = 7607AD7B1955A163001BA27A /* AppDelegate.swift */; };
		7607AD7E1955A163001BA27A /* ViewController.swift in Sources */ = {isa = PBXBuildFile; fileRef = 7607AD7D1955A163001BA27A /* ViewController.swift */; };
		7607AD811955A163001BA27A /* Main.storyboard in Resources */ = {isa = PBXBuildFile; fileRef = 7607AD7F1955A163001BA27A /* Main.storyboard */; };
		7607AD831955A163001BA27A /* Images.xcassets in Resources */ = {isa = PBXBuildFile; fileRef = 7607AD821955A163001BA27A /* Images.xcassets */; };
		7607AD8F1955A163001BA27A /* TestAppTests.swift in Sources */ = {isa = PBXBuildFile; fileRef = 7607AD8E1955A163001BA27A /* TestAppTests.swift */; };
		7607AD991955A363001BA27A /* ResultViewController.swift in Sources */ = {isa = PBXBuildFile; fileRef = 7607AD981955A363001BA27A /* ResultViewController.swift */; };
		76825660195625950022541F /* EventTableCell.swift in Sources */ = {isa = PBXBuildFile; fileRef = 7682565F195625950022541F /* EventTableCell.swift */; };
/* End PBXBuildFile section */

/* Begin PBXContainerItemProxy section */
		7607AD891955A163001BA27A /* PBXContainerItemProxy */ = {
			isa = PBXContainerItemProxy;
			containerPortal = 7607AD6E1955A163001BA27A /* Project object */;
			proxyType = 1;
			remoteGlobalIDString = 7607AD751955A163001BA27A;
			remoteInfo = TestApp;
		};
/* End PBXContainerItemProxy section */

/* Begin PBXFileReference section */
		7607AD761955A163001BA27A /* TestApp.app */ = {isa = PBXFileReference; explicitFileType = wrapper.application; includeInIndex = 0; path = TestApp.app; sourceTree = BUILT_PRODUCTS_DIR; };
		7607AD7A1955A163001BA27A /* Info.plist */ = {isa = PBXFileReference; lastKnownFileType = text.plist.xml; path = Info.plist; sourceTree = "<group>"; };
		7607AD7B1955A163001BA27A /* AppDelegate.swift */ = {isa = PBXFileReference; lastKnownFileType = sourcecode.swift; path = AppDelegate.swift; sourceTree = "<group>"; };
		7607AD7D1955A163001BA27A /* ViewController.swift */ = {isa = PBXFileReference; lastKnownFileType = sourcecode.swift; path = ViewController.swift; sourceTree = "<group>"; };
		7607AD801955A163001BA27A /* Base */ = {isa = PBXFileReference; lastKnownFileType = file.storyboard; name = Base; path = Base.lproj/Main.storyboard; sourceTree = "<group>"; };
		7607AD821955A163001BA27A /* Images.xcassets */ = {isa = PBXFileReference; lastKnownFileType = folder.assetcatalog; path = Images.xcassets; sourceTree = "<group>"; };
		7607AD881955A163001BA27A /* TestAppTests.xctest */ = {isa = PBXFileReference; explicitFileType = wrapper.cfbundle; includeInIndex = 0; path = TestAppTests.xctest; sourceTree = BUILT_PRODUCTS_DIR; };
		7607AD8D1955A163001BA27A /* Info.plist */ = {isa = PBXFileReference; lastKnownFileType = text.plist.xml; path = Info.plist; sourceTree = "<group>"; };
		7607AD8E1955A163001BA27A /* TestAppTests.swift */ = {isa = PBXFileReference; lastKnownFileType = sourcecode.swift; path = TestAppTests.swift; sourceTree = "<group>"; };
		7607AD981955A363001BA27A /* ResultViewController.swift */ = {isa = PBXFileReference; fileEncoding = 4; lastKnownFileType = sourcecode.swift; path = ResultViewController.swift; sourceTree = "<group>"; };
		7682565F195625950022541F /* EventTableCell.swift */ = {isa = PBXFileReference; fileEncoding = 4; lastKnownFileType = sourcecode.swift; path = EventTableCell.swift; sourceTree = "<group>"; };
/* End PBXFileReference section */

/* Begin PBXFrameworksBuildPhase section */
		7607AD731955A163001BA27A /* Frameworks */ = {
			isa = PBXFrameworksBuildPhase;
			buildActionMask = 2147483647;
			files = (
			);
			runOnlyForDeploymentPostprocessing = 0;
		};
		7607AD851955A163001BA27A /* Frameworks */ = {
			isa = PBXFrameworksBuildPhase;
			buildActionMask = 2147483647;
			files = (
			);
			runOnlyForDeploymentPostprocessing = 0;
		};
/* End PBXFrameworksBuildPhase section */

/* Begin PBXGroup section */
		7607AD6D1955A163001BA27A = {
			isa = PBXGroup;
			children = (
				7607AD781955A163001BA27A /* TestApp */,
				7607AD8B1955A163001BA27A /* TestAppTests */,
				7607AD771955A163001BA27A /* Products */,
			);
			sourceTree = "<group>";
		};
		7607AD771955A163001BA27A /* Products */ = {
			isa = PBXGroup;
			children = (
				7607AD761955A163001BA27A /* TestApp.app */,
				7607AD881955A163001BA27A /* TestAppTests.xctest */,
			);
			name = Products;
			sourceTree = "<group>";
		};
		7607AD781955A163001BA27A /* TestApp */ = {
			isa = PBXGroup;
			children = (
				7607AD7B1955A163001BA27A /* AppDelegate.swift */,
				7607AD7D1955A163001BA27A /* ViewController.swift */,
				7607AD7F1955A163001BA27A /* Main.storyboard */,
				7607AD821955A163001BA27A /* Images.xcassets */,
				7607AD791955A163001BA27A /* Supporting Files */,
				7607AD981955A363001BA27A /* ResultViewController.swift */,
				7682565F195625950022541F /* EventTableCell.swift */,
			);
			path = TestApp;
			sourceTree = "<group>";
		};
		7607AD791955A163001BA27A /* Supporting Files */ = {
			isa = PBXGroup;
			children = (
				7607AD7A1955A163001BA27A /* Info.plist */,
			);
			name = "Supporting Files";
			sourceTree = "<group>";
		};
		7607AD8B1955A163001BA27A /* TestAppTests */ = {
			isa = PBXGroup;
			children = (
				7607AD8E1955A163001BA27A /* TestAppTests.swift */,
				7607AD8C1955A163001BA27A /* Supporting Files */,
			);
			path = TestAppTests;
			sourceTree = "<group>";
		};
		7607AD8C1955A163001BA27A /* Supporting Files */ = {
			isa = PBXGroup;
			children = (
				7607AD8D1955A163001BA27A /* Info.plist */,
			);
			name = "Supporting Files";
			sourceTree = "<group>";
		};
/* End PBXGroup section */

/* Begin PBXNativeTarget section */
		7607AD751955A163001BA27A /* TestApp */ = {
			isa = PBXNativeTarget;
			buildConfigurationList = 7607AD921955A163001BA27A /* Build configuration list for PBXNativeTarget "TestApp" */;
			buildPhases = (
				7607AD721955A163001BA27A /* Sources */,
				7607AD731955A163001BA27A /* Frameworks */,
				7607AD741955A163001BA27A /* Resources */,
			);
			buildRules = (
			);
			dependencies = (
			);
			name = TestApp;
			productName = TestApp;
			productReference = 7607AD761955A163001BA27A /* TestApp.app */;
			productType = "com.apple.product-type.application";
		};
		7607AD871955A163001BA27A /* TestAppTests */ = {
			isa = PBXNativeTarget;
			buildConfigurationList = 7607AD951955A163001BA27A /* Build configuration list for PBXNativeTarget "TestAppTests" */;
			buildPhases = (
				7607AD841955A163001BA27A /* Sources */,
				7607AD851955A163001BA27A /* Frameworks */,
				7607AD861955A163001BA27A /* Resources */,
			);
			buildRules = (
			);
			dependencies = (
				7607AD8A1955A163001BA27A /* PBXTargetDependency */,
			);
			name = TestAppTests;
			productName = TestAppTests;
			productReference = 7607AD881955A163001BA27A /* TestAppTests.xctest */;
			productType = "com.apple.product-type.bundle.unit-test";
		};
/* End PBXNativeTarget section */

/* Begin PBXProject section */
		7607AD6E1955A163001BA27A /* Project object */ = {
			isa = PBXProject;
			attributes = {
				LastUpgradeCheck = 0600;
				ORGANIZATIONNAME = zecoo;
				TargetAttributes = {
					7607AD751955A163001BA27A = {
						CreatedOnToolsVersion = 6.0;
					};
					7607AD871955A163001BA27A = {
						CreatedOnToolsVersion = 6.0;
						TestTargetID = 7607AD751955A163001BA27A;
					};
				};
			};
			buildConfigurationList = 7607AD711955A163001BA27A /* Build configuration list for PBXProject "TestApp" */;
			compatibilityVersion = "Xcode 3.2";
			developmentRegion = English;
			hasScannedForEncodings = 0;
			knownRegions = (
				en,
				Base,
			);
			mainGroup = 7607AD6D1955A163001BA27A;
			productRefGroup = 7607AD771955A163001BA27A /* Products */;
			projectDirPath = "";
			projectRoot = "";
			targets = (
				7607AD751955A163001BA27A /* TestApp */,
				7607AD871955A163001BA27A /* TestAppTests */,
			);
		};
/* End PBXProject section */

/* Begin PBXResourcesBuildPhase section */
		7607AD741955A163001BA27A /* Resources */ = {
			isa = PBXResourcesBuildPhase;
			buildActionMask = 2147483647;
			files = (
				7607AD811955A163001BA27A /* Main.storyboard in Resources */,
				7607AD831955A163001BA27A /* Images.xcassets in Resources */,
			);
			runOnlyForDeploymentPostprocessing = 0;
		};
		7607AD861955A163001BA27A /* Resources */ = {
			isa = PBXResourcesBuildPhase;
			buildActionMask = 2147483647;
			files = (
			);
			runOnlyForDeploymentPostprocessing = 0;
		};
/* End PBXResourcesBuildPhase section */

/* Begin PBXSourcesBuildPhase section */
		7607AD721955A163001BA27A /* Sources */ = {
			isa = PBXSourcesBuildPhase;
			buildActionMask = 2147483647;
			files = (
				7607AD7E1955A163001BA27A /* ViewController.swift in Sources */,
				76825660195625950022541F /* EventTableCell.swift in Sources */,
				7607AD7C1955A163001BA27A /* AppDelegate.swift in Sources */,
				7607AD991955A363001BA27A /* ResultViewController.swift in Sources */,
			);
			runOnlyForDeploymentPostprocessing = 0;
		};
		7607AD841955A163001BA27A /* Sources */ = {
			isa = PBXSourcesBuildPhase;
			buildActionMask = 2147483647;
			files = (
				7607AD8F1955A163001BA27A /* TestAppTests.swift in Sources */,
			);
			runOnlyForDeploymentPostprocessing = 0;
		};
/* End PBXSourcesBuildPhase section */

/* Begin PBXTargetDependency section */
		7607AD8A1955A163001BA27A /* PBXTargetDependency */ = {
			isa = PBXTargetDependency;
			target = 7607AD751955A163001BA27A /* TestApp */;
			targetProxy = 7607AD891955A163001BA27A /* PBXContainerItemProxy */;
		};
/* End PBXTargetDependency section */

/* Begin PBXVariantGroup section */
		7607AD7F1955A163001BA27A /* Main.storyboard */ = {
			isa = PBXVariantGroup;
			children = (
				7607AD801955A163001BA27A /* Base */,
			);
			name = Main.storyboard;
			sourceTree = "<group>";
		};
/* End PBXVariantGroup section */

/* Begin XCBuildConfiguration section */
		7607AD901955A163001BA27A /* Debug */ = {
			isa = XCBuildConfiguration;
			buildSettings = {
				ALWAYS_SEARCH_USER_PATHS = NO;
				CLANG_CXX_LANGUAGE_STANDARD = "gnu++0x";
				CLANG_CXX_LIBRARY = "libc++";
				CLANG_ENABLE_MODULES = YES;
				CLANG_ENABLE_OBJC_ARC = YES;
				CLANG_WARN_BOOL_CONVERSION = YES;
				CLANG_WARN_CONSTANT_CONVERSION = YES;
				CLANG_WARN_DIRECT_OBJC_ISA_USAGE = YES_ERROR;
				CLANG_WARN_EMPTY_BODY = YES;
				CLANG_WARN_ENUM_CONVERSION = YES;
				CLANG_WARN_INT_CONVERSION = YES;
				CLANG_WARN_OBJC_ROOT_CLASS = YES_ERROR;
				CLANG_WARN_UNREACHABLE_CODE = YES;
				CLANG_WARN__DUPLICATE_METHOD_MATCH = YES;
				"CODE_SIGN_IDENTITY[sdk=iphoneos*]" = "iPhone Developer";
				COPY_PHASE_STRIP = NO;
				ENABLE_STRICT_OBJC_MSGSEND = YES;
				GCC_C_LANGUAGE_STANDARD = gnu99;
				GCC_DYNAMIC_NO_PIC = NO;
				GCC_OPTIMIZATION_LEVEL = 0;
				GCC_PREPROCESSOR_DEFINITIONS = (
					"DEBUG=1",
					"$(inherited)",
				);
				GCC_SYMBOLS_PRIVATE_EXTERN = NO;
				GCC_WARN_64_TO_32_BIT_CONVERSION = YES;
				GCC_WARN_ABOUT_RETURN_TYPE = YES_ERROR;
				GCC_WARN_UNDECLARED_SELECTOR = YES;
				GCC_WARN_UNINITIALIZED_AUTOS = YES_AGGRESSIVE;
				GCC_WARN_UNUSED_FUNCTION = YES;
				GCC_WARN_UNUSED_VARIABLE = YES;
				IPHONEOS_DEPLOYMENT_TARGET = 8.0;
				METAL_ENABLE_DEBUG_INFO = YES;
				ONLY_ACTIVE_ARCH = YES;
				SDKROOT = iphoneos;
				SWIFT_OPTIMIZATION_LEVEL = "-Onone";
			};
			name = Debug;
		};
		7607AD911955A163001BA27A /* Release */ = {
			isa = XCBuildConfiguration;
			buildSettings = {
				ALWAYS_SEARCH_USER_PATHS = NO;
				CLANG_CXX_LANGUAGE_STANDARD = "gnu++0x";
				CLANG_CXX_LIBRARY = "libc++";
				CLANG_ENABLE_MODULES = YES;
				CLANG_ENABLE_OBJC_ARC = YES;
				CLANG_WARN_BOOL_CONVERSION = YES;
				CLANG_WARN_CONSTANT_CONVERSION = YES;
				CLANG_WARN_DIRECT_OBJC_ISA_USAGE = YES_ERROR;
				CLANG_WARN_EMPTY_BODY = YES;
				CLANG_WARN_ENUM_CONVERSION = YES;
				CLANG_WARN_INT_CONVERSION = YES;
				CLANG_WARN_OBJC_ROOT_CLASS = YES_ERROR;
				CLANG_WARN_UNREACHABLE_CODE = YES;
				CLANG_WARN__DUPLICATE_METHOD_MATCH = YES;
				"CODE_SIGN_IDENTITY[sdk=iphoneos*]" = "iPhone Developer";
				COPY_PHASE_STRIP = YES;
				ENABLE_NS_ASSERTIONS = NO;
				ENABLE_STRICT_OBJC_MSGSEND = YES;
				GCC_C_LANGUAGE_STANDARD = gnu99;
				GCC_WARN_64_TO_32_BIT_CONVERSION = YES;
				GCC_WARN_ABOUT_RETURN_TYPE = YES_ERROR;
				GCC_WARN_UNDECLARED_SELECTOR = YES;
				GCC_WARN_UNINITIALIZED_AUTOS = YES_AGGRESSIVE;
				GCC_WARN_UNUSED_FUNCTION = YES;
				GCC_WARN_UNUSED_VARIABLE = YES;
				IPHONEOS_DEPLOYMENT_TARGET = 8.0;
				METAL_ENABLE_DEBUG_INFO = NO;
				SDKROOT = iphoneos;
				VALIDATE_PRODUCT = YES;
			};
			name = Release;
		};
		7607AD931955A163001BA27A /* Debug */ = {
			isa = XCBuildConfiguration;
			buildSettings = {
				ASSETCATALOG_COMPILER_APPICON_NAME = AppIcon;
				ASSETCATALOG_COMPILER_LAUNCHIMAGE_NAME = LaunchImage;
				INFOPLIST_FILE = TestApp/Info.plist;
				IPHONEOS_DEPLOYMENT_TARGET = 7.1;
				LD_RUNPATH_SEARCH_PATHS = "$(inherited) @executable_path/Frameworks";
				PRODUCT_NAME = "$(TARGET_NAME)";
			};
			name = Debug;
		};
		7607AD941955A163001BA27A /* Release */ = {
			isa = XCBuildConfiguration;
			buildSettings = {
				ASSETCATALOG_COMPILER_APPICON_NAME = AppIcon;
				ASSETCATALOG_COMPILER_LAUNCHIMAGE_NAME = LaunchImage;
				INFOPLIST_FILE = TestApp/Info.plist;
				IPHONEOS_DEPLOYMENT_TARGET = 7.1;
				LD_RUNPATH_SEARCH_PATHS = "$(inherited) @executable_path/Frameworks";
				PRODUCT_NAME = "$(TARGET_NAME)";
			};
			name = Release;
		};
		7607AD961955A163001BA27A /* Debug */ = {
			isa = XCBuildConfiguration;
			buildSettings = {
				BUNDLE_LOADER = "$(BUILT_PRODUCTS_DIR)/TestApp.app/TestApp";
				FRAMEWORK_SEARCH_PATHS = (
					"$(SDKROOT)/Developer/Library/Frameworks",
					"$(inherited)",
				);
				GCC_PREPROCESSOR_DEFINITIONS = (
					"DEBUG=1",
					"$(inherited)",
				);
				INFOPLIST_FILE = TestAppTests/Info.plist;
				LD_RUNPATH_SEARCH_PATHS = "$(inherited) @executable_path/Frameworks @loader_path/Frameworks";
				METAL_ENABLE_DEBUG_INFO = YES;
				PRODUCT_NAME = "$(TARGET_NAME)";
				TEST_HOST = "$(BUNDLE_LOADER)";
			};
			name = Debug;
		};
		7607AD971955A163001BA27A /* Release */ = {
			isa = XCBuildConfiguration;
			buildSettings = {
				BUNDLE_LOADER = "$(BUILT_PRODUCTS_DIR)/TestApp.app/TestApp";
				FRAMEWORK_SEARCH_PATHS = (
					"$(SDKROOT)/Developer/Library/Frameworks",
					"$(inherited)",
				);
				INFOPLIST_FILE = TestAppTests/Info.plist;
				LD_RUNPATH_SEARCH_PATHS = "$(inherited) @executable_path/Frameworks @loader_path/Frameworks";
				METAL_ENABLE_DEBUG_INFO = NO;
				PRODUCT_NAME = "$(TARGET_NAME)";
				TEST_HOST = "$(BUNDLE_LOADER)";
			};
			name = Release;
		};
/* End XCBuildConfiguration section */

/* Begin XCConfigurationList section */
		7607AD711955A163001BA27A /* Build configuration list for PBXProject "TestApp" */ = {
			isa = XCConfigurationList;
			buildConfigurations = (
				7607AD901955A163001BA27A /* Debug */,
				7607AD911955A163001BA27A /* Release */,
			);
			defaultConfigurationIsVisible = 0;
			defaultConfigurationName = Release;
		};
		7607AD921955A163001BA27A /* Build configuration list for PBXNativeTarget "TestApp" */ = {
			isa = XCConfigurationList;
			buildConfigurations = (
				7607AD931955A163001BA27A /* Debug */,
				7607AD941955A163001BA27A /* Release */,
			);
			defaultConfigurationIsVisible = 0;
			defaultConfigurationName = Release;
		};
		7607AD951955A163001BA27A /* Build configuration list for PBXNativeTarget "TestAppTests" */ = {
			isa = XCConfigurationList;
			buildConfigurations = (
				7607AD961955A163001BA27A /* Debug */,
				7607AD971955A163001BA27A /* Release */,
			);
			defaultConfigurationIsVisible = 0;
			defaultConfigurationName = Release;
		};
/* End XCConfigurationList section */
	};
	rootObject = 7607AD6E1955A163001BA27A /* Project object */;
}
